
Microsoft Visual Studio Solution File, Format Version 12.00
# Visual Studio Version 16
VisualStudioVersion = 16.0.29613.14
MinimumVisualStudioVersion = 10.0.40219.1
Project("{FAE04EC0-301F-11D3-BF4B-00C04F79EFBC}") = "MicroBlog", "MicroBlog\MicroBlog.csproj", "{70E4C0C5-D04C-4776-8917-B48C13AA1097}"
EndProject
Project("{FAE04EC0-301F-11D3-BF4B-00C04F79EFBC}") = "MicroBlog.Mongo", "Microblog.MongoRepository\MicroBlog.Mongo.csproj", "{F10A40D0-EB5F-4995-8436-5567FC7A2079}"
EndProject
Global
	GlobalSection(SolutionConfigurationPlatforms) = preSolution
		Debug|Any CPU = Debug|Any CPU
		Release|Any CPU = Release|Any CPU
	EndGlobalSection
	GlobalSection(ProjectConfigurationPlatforms) = postSolution
		{70E4C0C5-D04C-4776-8917-B48C13AA1097}.Debug|Any CPU.ActiveCfg = Debug|Any CPU
		{70E4C0C5-D04C-4776-8917-B48C13AA1097}.Debug|Any CPU.Build.0 = Debug|Any CPU
		{70E4C0C5-D04C-4776-8917-B48C13AA1097}.Release|Any CPU.ActiveCfg = Release|Any CPU
		{70E4C0C5-D04C-4776-8917-B48C13AA1097}.Release|Any CPU.Build.0 = Release|Any CPU
		{F10A40D0-EB5F-4995-8436-5567FC7A2079}.Debug|Any CPU.ActiveCfg = Debug|Any CPU
		{F10A40D0-EB5F-4995-8436-5567FC7A2079}.Debug|Any CPU.Build.0 = Debug|Any CPU
		{F10A40D0-EB5F-4995-8436-5567FC7A2079}.Release|Any CPU.ActiveCfg = Release|Any CPU
		{F10A40D0-EB5F-4995-8436-5567FC7A2079}.Release|Any CPU.Build.0 = Release|Any CPU
	EndGlobalSection
	GlobalSection(SolutionProperties) = preSolution
		HideSolutionNode = FALSE
	EndGlobalSection
	GlobalSection(ExtensibilityGlobals) = postSolution
		SolutionGuid = {104452C5-E2E8-4A66-B6C3-B5FF0A486B68}
	EndGlobalSection
EndGlobal
